// !$*UTF8*$!
{
	archiveVersion = 1;
	classes = {
	};
	objectVersion = 46;
	objects = {

/* Begin PBXBuildFile section */
		52C5179316EB89BC004E1319 /* RgnGrid.cpp in Sources */ = {isa = PBXBuildFile; fileRef = 52C5179216EB89BC004E1319 /* RgnGrid.cpp */; };
		F500F54517042FC2009B70D0 /* UIKit.framework in Frameworks */ = {isa = PBXBuildFile; fileRef = F500F54417042FC2009B70D0 /* UIKit.framework */; };
		F500F54717042FCB009B70D0 /* Foundation.framework in Frameworks */ = {isa = PBXBuildFile; fileRef = F500F54617042FCB009B70D0 /* Foundation.framework */; };
		F500F54917042FD8009B70D0 /* CoreGraphics.framework in Frameworks */ = {isa = PBXBuildFile; fileRef = F500F54817042FD8009B70D0 /* CoreGraphics.framework */; };
		F50C6C4C16F0F7A400865C78 /* Thinning.cpp in Sources */ = {isa = PBXBuildFile; fileRef = F50C6C4A16F0F7A400865C78 /* Thinning.cpp */; };
		F5135983170ABA9D005B2024 /* FindIt-Info.plist in Resources */ = {isa = PBXBuildFile; fileRef = F5135982170ABA9D005B2024 /* FindIt-Info.plist */; };
		F5302FCC1715D352001832CF /* ConfigViewController.m in Sources */ = {isa = PBXBuildFile; fileRef = F5302FCB1715D352001832CF /* ConfigViewController.m */; };
		F5302FCD1715D352001832CF /* ConfigViewController.m in Sources */ = {isa = PBXBuildFile; fileRef = F5302FCB1715D352001832CF /* ConfigViewController.m */; };
		F53BE6CC171448410011D3CA /* CocoaMat.mm in Sources */ = {isa = PBXBuildFile; fileRef = F53BE6CB171448410011D3CA /* CocoaMat.mm */; };
		F53BE6CD171448410011D3CA /* CocoaMat.mm in Sources */ = {isa = PBXBuildFile; fileRef = F53BE6CB171448410011D3CA /* CocoaMat.mm */; };
		F5945DA817001E7B004DBB3D /* InfoPlist.strings in Resources */ = {isa = PBXBuildFile; fileRef = F5945DA617001E7B004DBB3D /* InfoPlist.strings */; };
		F5945DAA17001E7B004DBB3D /* main.m in Sources */ = {isa = PBXBuildFile; fileRef = F5945DA917001E7B004DBB3D /* main.m */; };
		F5945DAE17001E7B004DBB3D /* AppDelegate.m in Sources */ = {isa = PBXBuildFile; fileRef = F5945DAD17001E7B004DBB3D /* AppDelegate.m */; };
		F5945DB717001E7B004DBB3D /* ViewController.m in Sources */ = {isa = PBXBuildFile; fileRef = F5945DB617001E7B004DBB3D /* ViewController.m */; };
		F5B080F417133030008ADE53 /* button48.png in Resources */ = {isa = PBXBuildFile; fileRef = F5B080F317133030008ADE53 /* button48.png */; };
		F5B080F61713306B008ADE53 /* button32.png in Resources */ = {isa = PBXBuildFile; fileRef = F5B080F51713306B008ADE53 /* button32.png */; };
		F5BE24BA170C8B3600DC43F0 /* Rgn.mm in Sources */ = {isa = PBXBuildFile; fileRef = F5BE24B9170C8B3600DC43F0 /* Rgn.mm */; };
		F5BE24C4170C9B1100DC43F0 /* MainView.xib in Resources */ = {isa = PBXBuildFile; fileRef = F5BE24C2170C9B1100DC43F0 /* MainView.xib */; };
		F5BE2528170CB4EC00DC43F0 /* opencv2.framework in Frameworks */ = {isa = PBXBuildFile; fileRef = F5BE24B3170C867A00DC43F0 /* opencv2.framework */; };
		F5C9913616E7B44800FE8D92 /* main.cpp in Sources */ = {isa = PBXBuildFile; fileRef = F5C9913516E7B44800FE8D92 /* main.cpp */; };
		F5C9913816E7B44800FE8D92 /* findit.1 in CopyFiles */ = {isa = PBXBuildFile; fileRef = F5C9913716E7B44800FE8D92 /* findit.1 */; };
		F5D58CD71712FAC600C702FC /* Icon.png in Resources */ = {isa = PBXBuildFile; fileRef = F5D58CD41712FAC600C702FC /* Icon.png */; };
		F5D58CD81712FAC600C702FC /* Icon57.png in Resources */ = {isa = PBXBuildFile; fileRef = F5D58CD51712FAC600C702FC /* Icon57.png */; };
		F5D58CD91712FAC600C702FC /* Icon114.png in Resources */ = {isa = PBXBuildFile; fileRef = F5D58CD61712FAC600C702FC /* Icon114.png */; };
		F5E6A30716F36CBE00221295 /* Denosie.cpp in Sources */ = {isa = PBXBuildFile; fileRef = F5E6A30516F36CBE00221295 /* Denosie.cpp */; };
		F5F6F05F17044333001AF099 /* RgnGrid.cpp in Sources */ = {isa = PBXBuildFile; fileRef = 52C5179216EB89BC004E1319 /* RgnGrid.cpp */; };
		F5F6F06017044337001AF099 /* Denosie.cpp in Sources */ = {isa = PBXBuildFile; fileRef = F5E6A30516F36CBE00221295 /* Denosie.cpp */; };
/* End PBXBuildFile section */

/* Begin PBXCopyFilesBuildPhase section */
		F5C9912F16E7B44800FE8D92 /* CopyFiles */ = {
			isa = PBXCopyFilesBuildPhase;
			buildActionMask = 2147483647;
			dstPath = /usr/share/man/man1/;
			dstSubfolderSpec = 0;
			files = (
				F5C9913816E7B44800FE8D92 /* findit.1 in CopyFiles */,
			);
			runOnlyForDeploymentPostprocessing = 1;
		};
/* End PBXCopyFilesBuildPhase section */

/* Begin PBXFileReference section */
		52C5179116EB8937004E1319 /* RgnGrid.h */ = {isa = PBXFileReference; fileEncoding = 4; lastKnownFileType = sourcecode.c.h; name = RgnGrid.h; path = ../findit/RgnGrid.h; sourceTree = "<group>"; };
		52C5179216EB89BC004E1319 /* RgnGrid.cpp */ = {isa = PBXFileReference; fileEncoding = 4; lastKnownFileType = sourcecode.cpp.cpp; name = RgnGrid.cpp; path = ../findit/RgnGrid.cpp; sourceTree = "<group>"; };
		F500F54417042FC2009B70D0 /* UIKit.framework */ = {isa = PBXFileReference; lastKnownFileType = wrapper.framework; name = UIKit.framework; path = Platforms/iPhoneSimulator.platform/Developer/SDKs/iPhoneSimulator5.1.sdk/System/Library/Frameworks/UIKit.framework; sourceTree = DEVELOPER_DIR; };
		F500F54617042FCB009B70D0 /* Foundation.framework */ = {isa = PBXFileReference; lastKnownFileType = wrapper.framework; name = Foundation.framework; path = Platforms/iPhoneSimulator.platform/Developer/SDKs/iPhoneSimulator5.1.sdk/System/Library/Frameworks/Foundation.framework; sourceTree = DEVELOPER_DIR; };
		F500F54817042FD8009B70D0 /* CoreGraphics.framework */ = {isa = PBXFileReference; lastKnownFileType = wrapper.framework; name = CoreGraphics.framework; path = Platforms/iPhoneSimulator.platform/Developer/SDKs/iPhoneSimulator5.1.sdk/System/Library/Frameworks/CoreGraphics.framework; sourceTree = DEVELOPER_DIR; };
		F50C6C4A16F0F7A400865C78 /* Thinning.cpp */ = {isa = PBXFileReference; fileEncoding = 4; lastKnownFileType = sourcecode.cpp.cpp; path = Thinning.cpp; sourceTree = "<group>"; };
		F50C6C4B16F0F7A400865C78 /* Thinning.h */ = {isa = PBXFileReference; fileEncoding = 4; lastKnownFileType = sourcecode.c.h; path = Thinning.h; sourceTree = "<group>"; };
		F5135982170ABA9D005B2024 /* FindIt-Info.plist */ = {isa = PBXFileReference; fileEncoding = 4; lastKnownFileType = text.plist.xml; name = "FindIt-Info.plist"; path = "findit/FindIt-Info.plist"; sourceTree = SOURCE_ROOT; };
		F5135984170ABAAC005B2024 /* Rgn.h */ = {isa = PBXFileReference; explicitFileType = sourcecode.cpp.objcpp.preprocessed; fileEncoding = 4; name = Rgn.h; path = findit/Rgn.h; sourceTree = SOURCE_ROOT; };
		F5302FCA1715D352001832CF /* ConfigViewController.h */ = {isa = PBXFileReference; fileEncoding = 4; lastKnownFileType = sourcecode.c.h; name = ConfigViewController.h; path = findit/ConfigViewController.h; sourceTree = SOURCE_ROOT; };
		F5302FCB1715D352001832CF /* ConfigViewController.m */ = {isa = PBXFileReference; fileEncoding = 4; lastKnownFileType = sourcecode.c.objc; name = ConfigViewController.m; path = findit/ConfigViewController.m; sourceTree = SOURCE_ROOT; };
		F53BE6C9171447BD0011D3CA /* CocoaMat.h */ = {isa = PBXFileReference; fileEncoding = 4; lastKnownFileType = sourcecode.c.h; name = CocoaMat.h; path = findit/CocoaMat.h; sourceTree = SOURCE_ROOT; };
		F53BE6CB171448410011D3CA /* CocoaMat.mm */ = {isa = PBXFileReference; fileEncoding = 4; lastKnownFileType = sourcecode.cpp.objcpp; name = CocoaMat.mm; path = findit/CocoaMat.mm; sourceTree = SOURCE_ROOT; };
		F5945D9A17001E7B004DBB3D /* FindIt_iOS.app */ = {isa = PBXFileReference; explicitFileType = wrapper.application; includeInIndex = 0; path = FindIt_iOS.app; sourceTree = BUILT_PRODUCTS_DIR; };
		F5945DA717001E7B004DBB3D /* en */ = {isa = PBXFileReference; lastKnownFileType = text.plist.strings; name = en; path = en.lproj/InfoPlist.strings; sourceTree = "<group>"; };
		F5945DA917001E7B004DBB3D /* main.m */ = {isa = PBXFileReference; explicitFileType = sourcecode.c.objc.preprocessed; path = main.m; sourceTree = "<group>"; };
		F5945DAB17001E7B004DBB3D /* FindIt-Prefix.pch */ = {isa = PBXFileReference; lastKnownFileType = sourcecode.c.h; path = "FindIt-Prefix.pch"; sourceTree = "<group>"; };
		F5945DAC17001E7B004DBB3D /* AppDelegate.h */ = {isa = PBXFileReference; lastKnownFileType = sourcecode.c.h; path = AppDelegate.h; sourceTree = "<group>"; };
		F5945DAD17001E7B004DBB3D /* AppDelegate.m */ = {isa = PBXFileReference; lastKnownFileType = sourcecode.c.objc; path = AppDelegate.m; sourceTree = "<group>"; };
		F5945DB517001E7B004DBB3D /* ViewController.h */ = {isa = PBXFileReference; lastKnownFileType = sourcecode.c.h; path = ViewController.h; sourceTree = "<group>"; };
		F5945DB617001E7B004DBB3D /* ViewController.m */ = {isa = PBXFileReference; lastKnownFileType = sourcecode.c.objc; path = ViewController.m; sourceTree = "<group>"; };
		F5945DBE17001E7B004DBB3D /* SenTestingKit.framework */ = {isa = PBXFileReference; lastKnownFileType = wrapper.framework; name = SenTestingKit.framework; path = Library/Frameworks/SenTestingKit.framework; sourceTree = DEVELOPER_DIR; };
		F5B080F317133030008ADE53 /* button48.png */ = {isa = PBXFileReference; lastKnownFileType = image.png; name = button48.png; path = findit/button48.png; sourceTree = SOURCE_ROOT; };
		F5B080F51713306B008ADE53 /* button32.png */ = {isa = PBXFileReference; lastKnownFileType = image.png; name = button32.png; path = findit/button32.png; sourceTree = SOURCE_ROOT; };
		F5BE24B3170C867A00DC43F0 /* opencv2.framework */ = {isa = PBXFileReference; lastKnownFileType = wrapper.framework; name = opencv2.framework; path = ../opencv2.framework; sourceTree = "<group>"; };
		F5BE24B9170C8B3600DC43F0 /* Rgn.mm */ = {isa = PBXFileReference; fileEncoding = 4; lastKnownFileType = sourcecode.cpp.objcpp; name = Rgn.mm; path = findit/Rgn.mm; sourceTree = SOURCE_ROOT; };
		F5BE24C3170C9B1100DC43F0 /* en */ = {isa = PBXFileReference; lastKnownFileType = file.xib; name = en; path = findit/en.lproj/MainView.xib; sourceTree = SOURCE_ROOT; };
		F5C9913116E7B44800FE8D92 /* findit_opencv */ = {isa = PBXFileReference; explicitFileType = "compiled.mach-o.executable"; includeInIndex = 0; name = findit_opencv; path = Findit_OSX; sourceTree = BUILT_PRODUCTS_DIR; };
		F5C9913516E7B44800FE8D92 /* main.cpp */ = {isa = PBXFileReference; lastKnownFileType = sourcecode.cpp.cpp; path = main.cpp; sourceTree = "<group>"; };
		F5C9913716E7B44800FE8D92 /* findit.1 */ = {isa = PBXFileReference; lastKnownFileType = text.man; path = findit.1; sourceTree = "<group>"; };
		F5D58CD41712FAC600C702FC /* Icon.png */ = {isa = PBXFileReference; lastKnownFileType = image.png; name = Icon.png; path = findit/Icon.png; sourceTree = SOURCE_ROOT; };
		F5D58CD51712FAC600C702FC /* Icon57.png */ = {isa = PBXFileReference; lastKnownFileType = image.png; name = Icon57.png; path = findit/Icon57.png; sourceTree = SOURCE_ROOT; };
		F5D58CD61712FAC600C702FC /* Icon114.png */ = {isa = PBXFileReference; lastKnownFileType = image.png; name = Icon114.png; path = findit/Icon114.png; sourceTree = SOURCE_ROOT; };
		F5E6A30516F36CBE00221295 /* Denosie.cpp */ = {isa = PBXFileReference; fileEncoding = 4; lastKnownFileType = sourcecode.cpp.cpp; name = Denosie.cpp; path = ../findit/Denosie.cpp; sourceTree = "<group>"; };
		F5E6A30616F36CBE00221295 /* Denosie.h */ = {isa = PBXFileReference; fileEncoding = 4; lastKnownFileType = sourcecode.c.h; name = Denosie.h; path = ../findit/Denosie.h; sourceTree = "<group>"; };
		F5E6A30916F36E2600221295 /* Cache.h */ = {isa = PBXFileReference; lastKnownFileType = sourcecode.c.h; path = Cache.h; sourceTree = "<group>"; };
/* End PBXFileReference section */

/* Begin PBXFrameworksBuildPhase section */
		F5945D9717001E7B004DBB3D /* Frameworks */ = {
			isa = PBXFrameworksBuildPhase;
			buildActionMask = 2147483647;
			files = (
				F5BE2528170CB4EC00DC43F0 /* opencv2.framework in Frameworks */,
				F500F54917042FD8009B70D0 /* CoreGraphics.framework in Frameworks */,
				F500F54717042FCB009B70D0 /* Foundation.framework in Frameworks */,
				F500F54517042FC2009B70D0 /* UIKit.framework in Frameworks */,
			);
			runOnlyForDeploymentPostprocessing = 0;
		};
		F5C9912E16E7B44800FE8D92 /* Frameworks */ = {
			isa = PBXFrameworksBuildPhase;
			buildActionMask = 2147483647;
			files = (
			);
			runOnlyForDeploymentPostprocessing = 0;
		};
/* End PBXFrameworksBuildPhase section */

/* Begin PBXGroup section */
		F5945D9C17001E7B004DBB3D /* Frameworks */ = {
			isa = PBXGroup;
			children = (
				F5BE24B3170C867A00DC43F0 /* opencv2.framework */,
				F500F54817042FD8009B70D0 /* CoreGraphics.framework */,
				F500F54617042FCB009B70D0 /* Foundation.framework */,
				F500F54417042FC2009B70D0 /* UIKit.framework */,
				F5945DBE17001E7B004DBB3D /* SenTestingKit.framework */,
			);
			name = Frameworks;
			sourceTree = "<group>";
		};
		F5945DA317001E7B004DBB3D /* FindIt_iOS */ = {
			isa = PBXGroup;
			children = (
				F5B080F51713306B008ADE53 /* button32.png */,
				F5B080F317133030008ADE53 /* button48.png */,
				F5D58CD41712FAC600C702FC /* Icon.png */,
				F5D58CD51712FAC600C702FC /* Icon57.png */,
				F5D58CD61712FAC600C702FC /* Icon114.png */,
				F5945DA917001E7B004DBB3D /* main.m */,
				F5BE24B9170C8B3600DC43F0 /* Rgn.mm */,
				F5E6A30616F36CBE00221295 /* Denosie.h */,
				F5E6A30516F36CBE00221295 /* Denosie.cpp */,
				52C5179216EB89BC004E1319 /* RgnGrid.cpp */,
				52C5179116EB8937004E1319 /* RgnGrid.h */,
				F5945DAC17001E7B004DBB3D /* AppDelegate.h */,
				F5945DAD17001E7B004DBB3D /* AppDelegate.m */,
				F5945DB517001E7B004DBB3D /* ViewController.h */,
				F5945DB617001E7B004DBB3D /* ViewController.m */,
				F5945DA417001E7B004DBB3D /* Supporting Files */,
				F5135984170ABAAC005B2024 /* Rgn.h */,
				F53BE6C9171447BD0011D3CA /* CocoaMat.h */,
				F53BE6CB171448410011D3CA /* CocoaMat.mm */,
				F5302FCA1715D352001832CF /* ConfigViewController.h */,
				F5302FCB1715D352001832CF /* ConfigViewController.m */,
			);
			name = FindIt_iOS;
			path = FindIt;
			sourceTree = "<group>";
		};
		F5945DA417001E7B004DBB3D /* Supporting Files */ = {
			isa = PBXGroup;
			children = (
				F5BE24C2170C9B1100DC43F0 /* MainView.xib */,
				F5135982170ABA9D005B2024 /* FindIt-Info.plist */,
				F5945DA617001E7B004DBB3D /* InfoPlist.strings */,
				F5945DAB17001E7B004DBB3D /* FindIt-Prefix.pch */,
			);
			name = "Supporting Files";
			sourceTree = "<group>";
		};
		F5C9912616E7B44800FE8D92 = {
			isa = PBXGroup;
			children = (
				F5C9913416E7B44800FE8D92 /* findit_opencv */,
				F5945DA317001E7B004DBB3D /* FindIt_iOS */,
				F5945D9C17001E7B004DBB3D /* Frameworks */,
				F5C9913216E7B44800FE8D92 /* Products */,
			);
			sourceTree = "<group>";
		};
		F5C9913216E7B44800FE8D92 /* Products */ = {
			isa = PBXGroup;
			children = (
				F5C9913116E7B44800FE8D92 /* findit_opencv */,
				F5945D9A17001E7B004DBB3D /* FindIt_iOS.app */,
			);
			name = Products;
			sourceTree = "<group>";
		};
		F5C9913416E7B44800FE8D92 /* findit_opencv */ = {
			isa = PBXGroup;
			children = (
				F5C9913516E7B44800FE8D92 /* main.cpp */,
				F5C9913716E7B44800FE8D92 /* findit.1 */,
				F50C6C4A16F0F7A400865C78 /* Thinning.cpp */,
				F50C6C4B16F0F7A400865C78 /* Thinning.h */,
				F5E6A30916F36E2600221295 /* Cache.h */,
			);
			name = findit_opencv;
			path = findit;
			sourceTree = "<group>";
		};
/* End PBXGroup section */

/* Begin PBXNativeTarget section */
		F5945D9917001E7B004DBB3D /* FindIt_iOS */ = {
			isa = PBXNativeTarget;
			buildConfigurationList = F5945DCD17001E7B004DBB3D /* Build configuration list for PBXNativeTarget "FindIt_iOS" */;
			buildPhases = (
				F5945D9617001E7B004DBB3D /* Sources */,
				F5945D9717001E7B004DBB3D /* Frameworks */,
				F5945D9817001E7B004DBB3D /* Resources */,
			);
			buildRules = (
			);
			dependencies = (
			);
			name = FindIt_iOS;
			productName = FindIt;
			productReference = F5945D9A17001E7B004DBB3D /* FindIt_iOS.app */;
			productType = "com.apple.product-type.application";
		};
		F5C9913016E7B44800FE8D92 /* Findit_OSX */ = {
			isa = PBXNativeTarget;
			buildConfigurationList = F5C9913B16E7B44800FE8D92 /* Build configuration list for PBXNativeTarget "Findit_OSX" */;
			buildPhases = (
				F5C9912D16E7B44800FE8D92 /* Sources */,
				F5C9912E16E7B44800FE8D92 /* Frameworks */,
				F5C9912F16E7B44800FE8D92 /* CopyFiles */,
			);
			buildRules = (
			);
			dependencies = (
			);
			name = Findit_OSX;
			productName = findit;
			productReference = F5C9913116E7B44800FE8D92 /* findit_opencv */;
			productType = "com.apple.product-type.tool";
		};
/* End PBXNativeTarget section */

/* Begin PBXProject section */
		F5C9912816E7B44800FE8D92 /* Project object */ = {
			isa = PBXProject;
			attributes = {
				LastUpgradeCheck = 0440;
				ORGANIZATIONNAME = zuzu;
			};
			buildConfigurationList = F5C9912B16E7B44800FE8D92 /* Build configuration list for PBXProject "findit" */;
			compatibilityVersion = "Xcode 3.2";
			developmentRegion = English;
			hasScannedForEncodings = 0;
			knownRegions = (
				en,
			);
			mainGroup = F5C9912616E7B44800FE8D92;
			productRefGroup = F5C9913216E7B44800FE8D92 /* Products */;
			projectDirPath = "";
			projectRoot = "";
			targets = (
				F5C9913016E7B44800FE8D92 /* Findit_OSX */,
				F5945D9917001E7B004DBB3D /* FindIt_iOS */,
			);
		};
/* End PBXProject section */

/* Begin PBXResourcesBuildPhase section */
		F5945D9817001E7B004DBB3D /* Resources */ = {
			isa = PBXResourcesBuildPhase;
			buildActionMask = 2147483647;
			files = (
				F5945DA817001E7B004DBB3D /* InfoPlist.strings in Resources */,
				F5135983170ABA9D005B2024 /* FindIt-Info.plist in Resources */,
				F5BE24C4170C9B1100DC43F0 /* MainView.xib in Resources */,
				F5D58CD71712FAC600C702FC /* Icon.png in Resources */,
				F5D58CD81712FAC600C702FC /* Icon57.png in Resources */,
				F5D58CD91712FAC600C702FC /* Icon114.png in Resources */,
				F5B080F417133030008ADE53 /* button48.png in Resources */,
				F5B080F61713306B008ADE53 /* button32.png in Resources */,
			);
			runOnlyForDeploymentPostprocessing = 0;
		};
/* End PBXResourcesBuildPhase section */

/* Begin PBXSourcesBuildPhase section */
		F5945D9617001E7B004DBB3D /* Sources */ = {
			isa = PBXSourcesBuildPhase;
			buildActionMask = 2147483647;
			files = (
				F5F6F06017044337001AF099 /* Denosie.cpp in Sources */,
				F5F6F05F17044333001AF099 /* RgnGrid.cpp in Sources */,
				F5945DAA17001E7B004DBB3D /* main.m in Sources */,
				F5945DAE17001E7B004DBB3D /* AppDelegate.m in Sources */,
				F5945DB717001E7B004DBB3D /* ViewController.m in Sources */,
				F5BE24BA170C8B3600DC43F0 /* Rgn.mm in Sources */,
				F53BE6CD171448410011D3CA /* CocoaMat.mm in Sources */,
				F5302FCD1715D352001832CF /* ConfigViewController.m in Sources */,
			);
			runOnlyForDeploymentPostprocessing = 0;
		};
		F5C9912D16E7B44800FE8D92 /* Sources */ = {
			isa = PBXSourcesBuildPhase;
			buildActionMask = 2147483647;
			files = (
				F5C9913616E7B44800FE8D92 /* main.cpp in Sources */,
				52C5179316EB89BC004E1319 /* RgnGrid.cpp in Sources */,
				F50C6C4C16F0F7A400865C78 /* Thinning.cpp in Sources */,
				F5E6A30716F36CBE00221295 /* Denosie.cpp in Sources */,
				F53BE6CC171448410011D3CA /* CocoaMat.mm in Sources */,
				F5302FCC1715D352001832CF /* ConfigViewController.m in Sources */,
			);
			runOnlyForDeploymentPostprocessing = 0;
		};
/* End PBXSourcesBuildPhase section */

/* Begin PBXVariantGroup section */
		F5945DA617001E7B004DBB3D /* InfoPlist.strings */ = {
			isa = PBXVariantGroup;
			children = (
				F5945DA717001E7B004DBB3D /* en */,
			);
			name = InfoPlist.strings;
			sourceTree = "<group>";
		};
		F5BE24C2170C9B1100DC43F0 /* MainView.xib */ = {
			isa = PBXVariantGroup;
			children = (
				F5BE24C3170C9B1100DC43F0 /* en */,
			);
			name = MainView.xib;
			sourceTree = "<group>";
		};
/* End PBXVariantGroup section */

/* Begin XCBuildConfiguration section */
		F5945DCE17001E7B004DBB3D /* Debug */ = {
			isa = XCBuildConfiguration;
			buildSettings = {
				ARCHS = (
					armv7,
					armv6,
				);
				CLANG_CXX_LIBRARY = "compiler-default";
				CLANG_ENABLE_OBJC_ARC = NO;
				CLANG_WARN_OBJCPP_ARC_ABI = NO;
				CLANG_WARN__ARC_BRIDGE_CAST_NONARC = YES;
				CODE_SIGN_IDENTITY = "iPhone Developer";
				"CODE_SIGN_IDENTITY[sdk=iphoneos*]" = "iPhone Developer";
				FRAMEWORK_SEARCH_PATHS = (
					"$(inherited)",
					"\"$(SYSTEM_APPS_DIR)/Xcode.app/Contents/Developer/Library/Frameworks\"",
					"\"$(SRCROOT)/..\"",
				);
				GCC_PRECOMPILE_PREFIX_HEADER = YES;
				GCC_PREFIX_HEADER = "FindIt/FindIt-Prefix.pch";
				GCC_THUMB_SUPPORT = NO;
				GCC_VERSION = "";
				HEADER_SEARCH_PATHS = "";
				INFOPLIST_FILE = "FindIt/FindIt-Info.plist";
				IPHONEOS_DEPLOYMENT_TARGET = 4.2;
				LIBRARY_SEARCH_PATHS = "";
				MACH_O_TYPE = mh_execute;
				ONLY_ACTIVE_ARCH = NO;
				OTHER_LDFLAGS = "";
				PRODUCT_NAME = "$(TARGET_NAME)";
				PROVISIONING_PROFILE = "";
				"PROVISIONING_PROFILE[sdk=iphoneos*]" = "";
				SDKROOT = iphoneos;
				STRIP_INSTALLED_PRODUCT = NO;
				SYMROOT = /Users/zuzu/Source/Build;
				TARGETED_DEVICE_FAMILY = 1;
				VALID_ARCHS = "armv7 armv6";
				WRAPPER_EXTENSION = app;
			};
			name = Debug;
		};
		F5945DCF17001E7B004DBB3D /* Release */ = {
			isa = XCBuildConfiguration;
			buildSettings = {
				ARCHS = (
					armv7,
					armv6,
				);
				CLANG_CXX_LIBRARY = "compiler-default";
				CLANG_ENABLE_OBJC_ARC = NO;
				CLANG_WARN_OBJCPP_ARC_ABI = NO;
				CLANG_WARN__ARC_BRIDGE_CAST_NONARC = YES;
				CODE_SIGN_IDENTITY = "iPhone Developer";
				"CODE_SIGN_IDENTITY[sdk=iphoneos*]" = "iPhone Developer";
				FRAMEWORK_SEARCH_PATHS = (
					"$(inherited)",
					"\"$(SYSTEM_APPS_DIR)/Xcode.app/Contents/Developer/Library/Frameworks\"",
					"\"$(SRCROOT)/..\"",
				);
				GCC_PRECOMPILE_PREFIX_HEADER = YES;
				GCC_PREFIX_HEADER = "FindIt/FindIt-Prefix.pch";
				GCC_THUMB_SUPPORT = NO;
				GCC_VERSION = "";
				HEADER_SEARCH_PATHS = "";
				INFOPLIST_FILE = "FindIt/FindIt-Info.plist";
				IPHONEOS_DEPLOYMENT_TARGET = 4.2;
				LIBRARY_SEARCH_PATHS = "";
				MACH_O_TYPE = mh_execute;
				ONLY_ACTIVE_ARCH = NO;
				OTHER_CFLAGS = "-DNS_BLOCK_ASSERTIONS=1";
				OTHER_LDFLAGS = "";
				PRODUCT_NAME = "$(TARGET_NAME)";
				PROVISIONING_PROFILE = "";
				SDKROOT = iphoneos;
				STRIP_INSTALLED_PRODUCT = NO;
				SYMROOT = /Users/zuzu/Source/Build;
				TARGETED_DEVICE_FAMILY = 1;
				VALIDATE_PRODUCT = YES;
				VALID_ARCHS = "armv7 armv6";
				WRAPPER_EXTENSION = app;
			};
			name = Release;
		};
		F5C9913916E7B44800FE8D92 /* Debug */ = {
			isa = XCBuildConfiguration;
			buildSettings = {
				ALWAYS_SEARCH_USER_PATHS = NO;
				ARCHS = "$(ARCHS_STANDARD_64_BIT)";
				CLANG_CXX_LANGUAGE_STANDARD = "gnu++0x";
				CLANG_ENABLE_OBJC_ARC = YES;
				CLANG_WARN__DUPLICATE_METHOD_MATCH = YES;
				COPY_PHASE_STRIP = NO;
				GCC_C_LANGUAGE_STANDARD = gnu99;
				GCC_DYNAMIC_NO_PIC = NO;
				GCC_ENABLE_OBJC_EXCEPTIONS = YES;
				GCC_OPTIMIZATION_LEVEL = 0;
				GCC_PREPROCESSOR_DEFINITIONS = (
					"DEBUG=1",
					"$(inherited)",
				);
				GCC_SYMBOLS_PRIVATE_EXTERN = NO;
				GCC_VERSION = "";
				GCC_WARN_64_TO_32_BIT_CONVERSION = YES;
				GCC_WARN_ABOUT_RETURN_TYPE = YES;
				GCC_WARN_UNINITIALIZED_AUTOS = YES;
				GCC_WARN_UNUSED_VARIABLE = YES;
				HEADER_SEARCH_PATHS = (
					"/Users/zuzu/Source/opencv/OpenCV-2.4.4/modules/gpu/include",
					"/Users/zuzu/Source/opencv/OpenCV-2.4.4/modules/videostab/include",
					"/Users/zuzu/Source/opencv/OpenCV-2.4.4/modules/stitching/include",
					"/Users/zuzu/Source/opencv/OpenCV-2.4.4/modules/contrib/include",
					"/Users/zuzu/Source/opencv/OpenCV-2.4.4/modules/legacy/include",
					"/Users/zuzu/Source/opencv/OpenCV-2.4.4/modules/calib3d/include",
					"/Users/zuzu/Source/opencv/OpenCV-2.4.4/modules/features2d/include",
					"/Users/zuzu/Source/opencv/OpenCV-2.4.4/modules/nonfree/include",
					"/Users/zuzu/Source/opencv/OpenCV-2.4.4/modules/photo/include",
					"/Users/zuzu/Source/opencv/OpenCV-2.4.4/modules/objdetect/include",
					"/Users/zuzu/Source/opencv/OpenCV-2.4.4/modules/video/include",
					"/Users/zuzu/Source/opencv/OpenCV-2.4.4/modules/ml/include",
					"/Users/zuzu/Source/opencv/OpenCV-2.4.4/modules/highgui/include",
					"/Users/zuzu/Source/opencv/OpenCV-2.4.4/modules/imgproc/include",
					"/Users/zuzu/Source/opencv/OpenCV-2.4.4/modules/flann/include",
					"/Users/zuzu/Source/opencv/OpenCV-2.4.4/modules/core/include",
					"/Users/zuzu/Source/opencv/OpenCV-2.4.4/include",
					/Users/zuzu/Source/Build,
				);
				MACOSX_DEPLOYMENT_TARGET = 10.8;
				ONLY_ACTIVE_ARCH = YES;
				OTHER_LDFLAGS = (
					"-Wl,-search_paths_first",
					"-Wl,-headerpad_max_install_names",
					/Users/zuzu/Source/Build/lib/Debug/libopencv_core.dylib,
					/Users/zuzu/Source/Build/lib/Debug/libopencv_flann.dylib,
					/Users/zuzu/Source/Build/lib/Debug/libopencv_imgproc.dylib,
					/Users/zuzu/Source/Build/lib/Debug/libopencv_highgui.dylib,
					/Users/zuzu/Source/Build/lib/Debug/libopencv_ml.dylib,
					/Users/zuzu/Source/Build/lib/Debug/libopencv_video.dylib,
					/Users/zuzu/Source/Build/lib/Debug/libopencv_objdetect.dylib,
					/Users/zuzu/Source/Build/lib/Debug/libopencv_photo.dylib,
					/Users/zuzu/Source/Build/lib/Debug/libopencv_nonfree.dylib,
					/Users/zuzu/Source/Build/lib/Debug/libopencv_features2d.dylib,
					/Users/zuzu/Source/Build/lib/Debug/libopencv_calib3d.dylib,
					/Users/zuzu/Source/Build/lib/Debug/libopencv_legacy.dylib,
					/Users/zuzu/Source/Build/lib/Debug/libopencv_contrib.dylib,
					/Users/zuzu/Source/Build/lib/Debug/libopencv_stitching.dylib,
					/Users/zuzu/Source/Build/lib/Debug/libopencv_videostab.dylib,
					/Users/zuzu/Source/Build/lib/Debug/libopencv_gpu.dylib,
					/Users/zuzu/Source/Build/lib/Debug/libopencv_objdetect.dylib,
					/Users/zuzu/Source/Build/lib/Debug/libopencv_photo.dylib,
					/Users/zuzu/Source/Build/lib/Debug/libopencv_nonfree.dylib,
					/Users/zuzu/Source/Build/lib/Debug/libopencv_legacy.dylib,
					/Users/zuzu/Source/Build/lib/Debug/libopencv_ml.dylib,
					/Users/zuzu/Source/Build/lib/Debug/libopencv_video.dylib,
					/Users/zuzu/Source/Build/lib/Debug/libopencv_calib3d.dylib,
					/Users/zuzu/Source/Build/lib/Debug/libopencv_features2d.dylib,
					/Users/zuzu/Source/Build/lib/Debug/libopencv_flann.dylib,
					/Users/zuzu/Source/Build/lib/Debug/libopencv_highgui.dylib,
					/Users/zuzu/Source/Build/lib/Debug/libopencv_imgproc.dylib,
					/Users/zuzu/Source/Build/lib/Debug/libopencv_core.dylib,
					/Users/zuzu/Source/Build/3rdparty/lib/Debug/libzlib.a,
				);
				SDKROOT = macosx;
			};
			name = Debug;
		};
		F5C9913A16E7B44800FE8D92 /* Release */ = {
			isa = XCBuildConfiguration;
			buildSettings = {
				ALWAYS_SEARCH_USER_PATHS = NO;
				ARCHS = "$(ARCHS_STANDARD_64_BIT)";
				CLANG_CXX_LANGUAGE_STANDARD = "gnu++0x";
				CLANG_ENABLE_OBJC_ARC = YES;
				CLANG_WARN__DUPLICATE_METHOD_MATCH = YES;
				COPY_PHASE_STRIP = YES;
				DEBUG_INFORMATION_FORMAT = "dwarf-with-dsym";
				GCC_C_LANGUAGE_STANDARD = gnu99;
				GCC_ENABLE_OBJC_EXCEPTIONS = YES;
				GCC_VERSION = "";
				GCC_WARN_64_TO_32_BIT_CONVERSION = YES;
				GCC_WARN_ABOUT_RETURN_TYPE = YES;
				GCC_WARN_UNINITIALIZED_AUTOS = YES;
				GCC_WARN_UNUSED_VARIABLE = YES;
				HEADER_SEARCH_PATHS = (
					"/Users/zuzu/Source/opencv/OpenCV-2.4.4/modules/gpu/include",
					"/Users/zuzu/Source/opencv/OpenCV-2.4.4/modules/videostab/include",
					"/Users/zuzu/Source/opencv/OpenCV-2.4.4/modules/stitching/include",
					"/Users/zuzu/Source/opencv/OpenCV-2.4.4/modules/contrib/include",
					"/Users/zuzu/Source/opencv/OpenCV-2.4.4/modules/legacy/include",
					"/Users/zuzu/Source/opencv/OpenCV-2.4.4/modules/calib3d/include",
					"/Users/zuzu/Source/opencv/OpenCV-2.4.4/modules/features2d/include",
					"/Users/zuzu/Source/opencv/OpenCV-2.4.4/modules/nonfree/include",
					"/Users/zuzu/Source/opencv/OpenCV-2.4.4/modules/photo/include",
					"/Users/zuzu/Source/opencv/OpenCV-2.4.4/modules/objdetect/include",
					"/Users/zuzu/Source/opencv/OpenCV-2.4.4/modules/video/include",
					"/Users/zuzu/Source/opencv/OpenCV-2.4.4/modules/ml/include",
					"/Users/zuzu/Source/opencv/OpenCV-2.4.4/modules/highgui/include",
					"/Users/zuzu/Source/opencv/OpenCV-2.4.4/modules/imgproc/include",
					"/Users/zuzu/Source/opencv/OpenCV-2.4.4/modules/flann/include",
					"/Users/zuzu/Source/opencv/OpenCV-2.4.4/modules/core/include",
					"/Users/zuzu/Source/opencv/OpenCV-2.4.4/include",
					/Users/zuzu/Source/Build,
				);
				MACOSX_DEPLOYMENT_TARGET = 10.8;
				OTHER_LDFLAGS = (
					"-Wl,-search_paths_first",
					"-Wl,-headerpad_max_install_names",
					/Users/zuzu/Source/Build/lib/Debug/libopencv_core.dylib,
					/Users/zuzu/Source/Build/lib/Debug/libopencv_flann.dylib,
					/Users/zuzu/Source/Build/lib/Debug/libopencv_imgproc.dylib,
					/Users/zuzu/Source/Build/lib/Debug/libopencv_highgui.dylib,
					/Users/zuzu/Source/Build/lib/Debug/libopencv_ml.dylib,
					/Users/zuzu/Source/Build/lib/Debug/libopencv_video.dylib,
					/Users/zuzu/Source/Build/lib/Debug/libopencv_objdetect.dylib,
					/Users/zuzu/Source/Build/lib/Debug/libopencv_photo.dylib,
					/Users/zuzu/Source/Build/lib/Debug/libopencv_nonfree.dylib,
					/Users/zuzu/Source/Build/lib/Debug/libopencv_features2d.dylib,
					/Users/zuzu/Source/Build/lib/Debug/libopencv_calib3d.dylib,
					/Users/zuzu/Source/Build/lib/Debug/libopencv_legacy.dylib,
					/Users/zuzu/Source/Build/lib/Debug/libopencv_contrib.dylib,
					/Users/zuzu/Source/Build/lib/Debug/libopencv_stitching.dylib,
					/Users/zuzu/Source/Build/lib/Debug/libopencv_videostab.dylib,
					/Users/zuzu/Source/Build/lib/Debug/libopencv_gpu.dylib,
					/Users/zuzu/Source/Build/lib/Debug/libopencv_objdetect.dylib,
					/Users/zuzu/Source/Build/lib/Debug/libopencv_photo.dylib,
					/Users/zuzu/Source/Build/lib/Debug/libopencv_nonfree.dylib,
					/Users/zuzu/Source/Build/lib/Debug/libopencv_legacy.dylib,
					/Users/zuzu/Source/Build/lib/Debug/libopencv_ml.dylib,
					/Users/zuzu/Source/Build/lib/Debug/libopencv_video.dylib,
					/Users/zuzu/Source/Build/lib/Debug/libopencv_calib3d.dylib,
					/Users/zuzu/Source/Build/lib/Debug/libopencv_features2d.dylib,
					/Users/zuzu/Source/Build/lib/Debug/libopencv_flann.dylib,
					/Users/zuzu/Source/Build/lib/Debug/libopencv_highgui.dylib,
					/Users/zuzu/Source/Build/lib/Debug/libopencv_imgproc.dylib,
					/Users/zuzu/Source/Build/lib/Debug/libopencv_core.dylib,
					/Users/zuzu/Source/Build/3rdparty/lib/Debug/libzlib.a,
				);
				SDKROOT = macosx;
			};
			name = Release;
		};
		F5C9913C16E7B44800FE8D92 /* Debug */ = {
			isa = XCBuildConfiguration;
			buildSettings = {
				ENABLE_OPENMP_SUPPORT = YES;
				GCC_VERSION = "";
				HEADER_SEARCH_PATHS = (
					/Users/zuzu/Source/opencv/modules/gpu/include,
					/Users/zuzu/Source/opencv/modules/highgui/include,
					/Users/zuzu/Source/opencv/modules/imgproc/include,
					/Users/zuzu/Source/opencv/modules/core/include,
					/Users/zuzu/Source/opencv/include,
				);
				OTHER_LDFLAGS = (
					"-Wl,-search_paths_first",
					"-Wl,-headerpad_max_install_names",
					"\"$(SRCROOT)/../Build_opencv_macx/3rdparty/lib/Debug/libzlib.a\"",
					"\"$(SRCROOT)/../Build_opencv_macx/3rdparty/lib/Debug/liblibjpeg.a\"",
					"\"$(SRCROOT)/../Build_opencv_macx/3rdparty/lib/Debug/liblibpng.a\"",
					"\"$(SRCROOT)/../Build_opencv_macx/lib/Debug/libopencv_calib3d.dylib\"",
					"\"$(SRCROOT)/../Build_opencv_macx/lib/Debug/libopencv_core.dylib\"",
					"\"$(SRCROOT)/../Build_opencv_macx/lib/Debug/libopencv_features2d.dylib\"",
					"\"$(SRCROOT)/../Build_opencv_macx/lib/Debug/libopencv_flann.dylib\"",
					"\"$(SRCROOT)/../Build_opencv_macx/lib/Debug/libopencv_gpu.dylib\"",
					"\"$(SRCROOT)/../Build_opencv_macx/lib/Debug/libopencv_highgui.dylib\"",
					"\"$(SRCROOT)/../Build_opencv_macx/lib/Debug/libopencv_imgproc.dylib\"",
					"\"$(SRCROOT)/../Build_opencv_macx/lib/Debug/libopencv_legacy.dylib\"",
					"\"$(SRCROOT)/../Build_opencv_macx/lib/Debug/libopencv_ml.dylib\"",
					"\"$(SRCROOT)/../Build_opencv_macx/lib/Debug/libopencv_nonfree.dylib\"",
					"\"$(SRCROOT)/../Build_opencv_macx/lib/Debug/libopencv_objdetect.dylib\"",
					"\"$(SRCROOT)/../Build_opencv_macx/lib/Debug/libopencv_photo.dylib\"",
					"\"$(SRCROOT)/../Build_opencv_macx/lib/Debug/libopencv_ts.dylib\"",
					"\"$(SRCROOT)/../Build_opencv_macx/lib/Debug/libopencv_video.dylib\"",
				);
				PRODUCT_NAME = "$(TARGET_NAME)";
			};
			name = Debug;
		};
		F5C9913D16E7B44800FE8D92 /* Release */ = {
			isa = XCBuildConfiguration;
			buildSettings = {
				ENABLE_OPENMP_SUPPORT = YES;
				GCC_VERSION = "";
				HEADER_SEARCH_PATHS = (
					/Users/zuzu/Source/opencv/modules/gpu/include,
					/Users/zuzu/Source/opencv/modules/highgui/include,
					/Users/zuzu/Source/opencv/modules/imgproc/include,
					/Users/zuzu/Source/opencv/modules/core/include,
					/Users/zuzu/Source/opencv/include,
				);
				OTHER_LDFLAGS = (
					"-Wl,-search_paths_first",
					"-Wl,-headerpad_max_install_names",
					"\"$(SRCROOT)/../Build_opencv_macx/3rdparty/lib/Debug/libzlib.a\"",
					"\"$(SRCROOT)/../Build_opencv_macx/3rdparty/lib/Debug/liblibjpeg.a\"",
					"\"$(SRCROOT)/../Build_opencv_macx/3rdparty/lib/Debug/liblibpng.a\"",
					"\"$(SRCROOT)/../Build_opencv_macx/lib/Debug/libopencv_calib3d.dylib\"",
					"\"$(SRCROOT)/../Build_opencv_macx/lib/Debug/libopencv_core.dylib\"",
					"\"$(SRCROOT)/../Build_opencv_macx/lib/Debug/libopencv_features2d.dylib\"",
					"\"$(SRCROOT)/../Build_opencv_macx/lib/Debug/libopencv_flann.dylib\"",
					"\"$(SRCROOT)/../Build_opencv_macx/lib/Debug/libopencv_gpu.dylib\"",
					"\"$(SRCROOT)/../Build_opencv_macx/lib/Debug/libopencv_highgui.dylib\"",
					"\"$(SRCROOT)/../Build_opencv_macx/lib/Debug/libopencv_imgproc.dylib\"",
					"\"$(SRCROOT)/../Build_opencv_macx/lib/Debug/libopencv_legacy.dylib\"",
					"\"$(SRCROOT)/../Build_opencv_macx/lib/Debug/libopencv_ml.dylib\"",
					"\"$(SRCROOT)/../Build_opencv_macx/lib/Debug/libopencv_nonfree.dylib\"",
					"\"$(SRCROOT)/../Build_opencv_macx/lib/Debug/libopencv_objdetect.dylib\"",
					"\"$(SRCROOT)/../Build_opencv_macx/lib/Debug/libopencv_photo.dylib\"",
					"\"$(SRCROOT)/../Build_opencv_macx/lib/Debug/libopencv_ts.dylib\"",
					"\"$(SRCROOT)/../Build_opencv_macx/lib/Debug/libopencv_video.dylib\"",
				);
				PRODUCT_NAME = "$(TARGET_NAME)";
			};
			name = Release;
		};
/* End XCBuildConfiguration section */

/* Begin XCConfigurationList section */
		F5945DCD17001E7B004DBB3D /* Build configuration list for PBXNativeTarget "FindIt_iOS" */ = {
			isa = XCConfigurationList;
			buildConfigurations = (
				F5945DCE17001E7B004DBB3D /* Debug */,
				F5945DCF17001E7B004DBB3D /* Release */,
			);
			defaultConfigurationIsVisible = 0;
			defaultConfigurationName = Release;
		};
		F5C9912B16E7B44800FE8D92 /* Build configuration list for PBXProject "findit" */ = {
			isa = XCConfigurationList;
			buildConfigurations = (
				F5C9913916E7B44800FE8D92 /* Debug */,
				F5C9913A16E7B44800FE8D92 /* Release */,
			);
			defaultConfigurationIsVisible = 0;
			defaultConfigurationName = Release;
		};
		F5C9913B16E7B44800FE8D92 /* Build configuration list for PBXNativeTarget "Findit_OSX" */ = {
			isa = XCConfigurationList;
			buildConfigurations = (
				F5C9913C16E7B44800FE8D92 /* Debug */,
				F5C9913D16E7B44800FE8D92 /* Release */,
			);
			defaultConfigurationIsVisible = 0;
			defaultConfigurationName = Release;
		};
/* End XCConfigurationList section */
	};
	rootObject = F5C9912816E7B44800FE8D92 /* Project object */;
}
